
Microsoft Visual Studio Solution File, Format Version 12.00
# Visual Studio Version 17
VisualStudioVersion = 17.11.35222.181
MinimumVisualStudioVersion = 10.0.40219.1
Project("{FAE04EC0-301F-11D3-BF4B-00C04F79EFBC}") = "Задание 1", "Задание 1\Задание 1.csproj", "{B03A4F47-11D2-4780-9161-D00CA5824329}"
EndProject
Global
	GlobalSection(SolutionConfigurationPlatforms) = preSolution
		Debug|Any CPU = Debug|Any CPU
		Release|Any CPU = Release|Any CPU
	EndGlobalSection
	GlobalSection(ProjectConfigurationPlatforms) = postSolution
		{B03A4F47-11D2-4780-9161-D00CA5824329}.Debug|Any CPU.ActiveCfg = Debug|Any CPU
		{B03A4F47-11D2-4780-9161-D00CA5824329}.Debug|Any CPU.Build.0 = Debug|Any CPU
		{B03A4F47-11D2-4780-9161-D00CA5824329}.Release|Any CPU.ActiveCfg = Release|Any CPU
		{B03A4F47-11D2-4780-9161-D00CA5824329}.Release|Any CPU.Build.0 = Release|Any CPU
	EndGlobalSection
	GlobalSection(SolutionProperties) = preSolution
		HideSolutionNode = FALSE
	EndGlobalSection
	GlobalSection(ExtensibilityGlobals) = postSolution
		SolutionGuid = {E0FAF7F7-DEB6-420A-B94A-60E6407419C3}
	EndGlobalSection
EndGlobal
